
Microsoft Visual Studio Solution File, Format Version 12.00
# Visual Studio 15
VisualStudioVersion = 15.0.27130.2020
MinimumVisualStudioVersion = 10.0.40219.1
Project("{FAE04EC0-301F-11D3-BF4B-00C04F79EFBC}") = "FirstSolution", "FirstSolution\FirstSolution.csproj", "{825294BD-6528-4E98-8C29-5D8FDF6EAE14}"
EndProject
Project("{FAE04EC0-301F-11D3-BF4B-00C04F79EFBC}") = "FirstSolution.Tests", "FirstSolution.Tests\FirstSolution.Tests.csproj", "{752EC442-EFFD-4FE4-9EBD-DF10D720A030}"
EndProject
Global
	GlobalSection(SolutionConfigurationPlatforms) = preSolution
		Debug|Any CPU = Debug|Any CPU
		Release|Any CPU = Release|Any CPU
	EndGlobalSection
	GlobalSection(ProjectConfigurationPlatforms) = postSolution
		{825294BD-6528-4E98-8C29-5D8FDF6EAE14}.Debug|Any CPU.ActiveCfg = Debug|Any CPU
		{825294BD-6528-4E98-8C29-5D8FDF6EAE14}.Debug|Any CPU.Build.0 = Debug|Any CPU
		{825294BD-6528-4E98-8C29-5D8FDF6EAE14}.Release|Any CPU.ActiveCfg = Release|Any CPU
		{825294BD-6528-4E98-8C29-5D8FDF6EAE14}.Release|Any CPU.Build.0 = Release|Any CPU
		{752EC442-EFFD-4FE4-9EBD-DF10D720A030}.Debug|Any CPU.ActiveCfg = Debug|Any CPU
		{752EC442-EFFD-4FE4-9EBD-DF10D720A030}.Debug|Any CPU.Build.0 = Debug|Any CPU
		{752EC442-EFFD-4FE4-9EBD-DF10D720A030}.Release|Any CPU.ActiveCfg = Release|Any CPU
		{752EC442-EFFD-4FE4-9EBD-DF10D720A030}.Release|Any CPU.Build.0 = Release|Any CPU
	EndGlobalSection
	GlobalSection(SolutionProperties) = preSolution
		HideSolutionNode = FALSE
	EndGlobalSection
	GlobalSection(ExtensibilityGlobals) = postSolution
		SolutionGuid = {FA9DC0F4-16CD-463E-AE36-FFC6141851B7}
	EndGlobalSection
EndGlobal
